
Microsoft Visual Studio Solution File, Format Version 12.00
# Visual Studio 15
VisualStudioVersion = 15.0.27130.2020
MinimumVisualStudioVersion = 10.0.40219.1
Project("{FAE04EC0-301F-11D3-BF4B-00C04F79EFBC}") = "PasswordWPF", "PasswordWPF\PasswordWPF.csproj", "{FC2DA603-DB9E-48A8-AE12-F476391028D0}"
EndProject
Global
	GlobalSection(SolutionConfigurationPlatforms) = preSolution
		Debug|Any CPU = Debug|Any CPU
		Release|Any CPU = Release|Any CPU
	EndGlobalSection
	GlobalSection(ProjectConfigurationPlatforms) = postSolution
		{FC2DA603-DB9E-48A8-AE12-F476391028D0}.Debug|Any CPU.ActiveCfg = Debug|Any CPU
		{FC2DA603-DB9E-48A8-AE12-F476391028D0}.Debug|Any CPU.Build.0 = Debug|Any CPU
		{FC2DA603-DB9E-48A8-AE12-F476391028D0}.Release|Any CPU.ActiveCfg = Release|Any CPU
		{FC2DA603-DB9E-48A8-AE12-F476391028D0}.Release|Any CPU.Build.0 = Release|Any CPU
	EndGlobalSection
	GlobalSection(SolutionProperties) = preSolution
		HideSolutionNode = FALSE
	EndGlobalSection
	GlobalSection(ExtensibilityGlobals) = postSolution
		SolutionGuid = {9F230231-6DCF-420D-8F4D-CC578C83565F}
	EndGlobalSection
EndGlobal
